
Microsoft Visual Studio Solution File, Format Version 12.00
# Visual Studio Version 17
VisualStudioVersion = 17.7.34221.43
MinimumVisualStudioVersion = 10.0.40219.1
Project("{FAE04EC0-301F-11D3-BF4B-00C04F79EFBC}") = "Estagio_Ribeirao_Preto_2024", "Estagio_Ribeirao_Preto_2024\Estagio_Ribeirao_Preto_2024.csproj", "{A574BA89-62E8-4328-8730-E19C0F5E49A0}"
EndProject
Global
	GlobalSection(SolutionConfigurationPlatforms) = preSolution
		Debug|Any CPU = Debug|Any CPU
		Release|Any CPU = Release|Any CPU
	EndGlobalSection
	GlobalSection(ProjectConfigurationPlatforms) = postSolution
		{A574BA89-62E8-4328-8730-E19C0F5E49A0}.Debug|Any CPU.ActiveCfg = Debug|Any CPU
		{A574BA89-62E8-4328-8730-E19C0F5E49A0}.Debug|Any CPU.Build.0 = Debug|Any CPU
		{A574BA89-62E8-4328-8730-E19C0F5E49A0}.Release|Any CPU.ActiveCfg = Release|Any CPU
		{A574BA89-62E8-4328-8730-E19C0F5E49A0}.Release|Any CPU.Build.0 = Release|Any CPU
	EndGlobalSection
	GlobalSection(SolutionProperties) = preSolution
		HideSolutionNode = FALSE
	EndGlobalSection
	GlobalSection(ExtensibilityGlobals) = postSolution
		SolutionGuid = {13870694-EBDF-46A3-B9E2-36209AA08FD6}
	EndGlobalSection
EndGlobal
